
Microsoft Visual Studio Solution File, Format Version 12.00
# Visual Studio Version 17
VisualStudioVersion = 17.2.32630.192
MinimumVisualStudioVersion = 10.0.40219.1
Project("{FAE04EC0-301F-11D3-BF4B-00C04F79EFBC}") = "LeaveManagement.web", "LeaveManagement.web\LeaveManagement.web.csproj", "{74F27D27-FEA5-495D-A639-F96C0A8914EF}"
EndProject
Global
	GlobalSection(SolutionConfigurationPlatforms) = preSolution
		Debug|Any CPU = Debug|Any CPU
		Release|Any CPU = Release|Any CPU
	EndGlobalSection
	GlobalSection(ProjectConfigurationPlatforms) = postSolution
		{74F27D27-FEA5-495D-A639-F96C0A8914EF}.Debug|Any CPU.ActiveCfg = Debug|Any CPU
		{74F27D27-FEA5-495D-A639-F96C0A8914EF}.Debug|Any CPU.Build.0 = Debug|Any CPU
		{74F27D27-FEA5-495D-A639-F96C0A8914EF}.Release|Any CPU.ActiveCfg = Release|Any CPU
		{74F27D27-FEA5-495D-A639-F96C0A8914EF}.Release|Any CPU.Build.0 = Release|Any CPU
	EndGlobalSection
	GlobalSection(SolutionProperties) = preSolution
		HideSolutionNode = FALSE
	EndGlobalSection
	GlobalSection(ExtensibilityGlobals) = postSolution
		SolutionGuid = {D279B289-7799-4C61-B0A2-70634B2FD750}
	EndGlobalSection
EndGlobal
